
Microsoft Visual Studio Solution File, Format Version 12.00
# Visual Studio Version 17
VisualStudioVersion = 17.10.35122.118
MinimumVisualStudioVersion = 10.0.40219.1
Project("{9A19103F-16F7-4668-BE54-9A1E7A4F7556}") = "CS_Server", "CS_Server\CS_Server.csproj", "{E97FE5CF-C3CB-48D3-9520-B6A0F986FA26}"
EndProject
Project("{9A19103F-16F7-4668-BE54-9A1E7A4F7556}") = "ServerCore", "ServerCore\ServerCore.csproj", "{1A2A0823-E4F9-41EA-A35E-CCA5E5143463}"
EndProject
Project("{2150E333-8FDC-42A3-9474-1A3956D46DE8}") = "Solution Items", "Solution Items", "{E0572449-FB1C-444A-BD34-C38B2CFF0CC4}"
	ProjectSection(SolutionItems) = preProject
		.editorconfig = .editorconfig
	EndProjectSection
EndProject
Project("{9A19103F-16F7-4668-BE54-9A1E7A4F7556}") = "PacketGenerator", "PacketGenerator\PacketGenerator.csproj", "{A10A7E7D-A2C4-4E6F-8F2F-CF7989239E6E}"
EndProject
Project("{2150E333-8FDC-42A3-9474-1A3956D46DE8}") = "Tools", "Tools", "{9E054767-A7C0-47F5-81C6-D48637F5C20D}"
EndProject
Project("{FAE04EC0-301F-11D3-BF4B-00C04F79EFBC}") = "WebServer", "WebServer\WebServer.csproj", "{5E911B5C-7216-4CDE-9AB6-1E23FEB36669}"
EndProject
Global
	GlobalSection(SolutionConfigurationPlatforms) = preSolution
		Debug|Any CPU = Debug|Any CPU
		Release|Any CPU = Release|Any CPU
	EndGlobalSection
	GlobalSection(ProjectConfigurationPlatforms) = postSolution
		{E97FE5CF-C3CB-48D3-9520-B6A0F986FA26}.Debug|Any CPU.ActiveCfg = Debug|Any CPU
		{E97FE5CF-C3CB-48D3-9520-B6A0F986FA26}.Debug|Any CPU.Build.0 = Debug|Any CPU
		{E97FE5CF-C3CB-48D3-9520-B6A0F986FA26}.Release|Any CPU.ActiveCfg = Release|Any CPU
		{E97FE5CF-C3CB-48D3-9520-B6A0F986FA26}.Release|Any CPU.Build.0 = Release|Any CPU
		{1A2A0823-E4F9-41EA-A35E-CCA5E5143463}.Debug|Any CPU.ActiveCfg = Debug|Any CPU
		{1A2A0823-E4F9-41EA-A35E-CCA5E5143463}.Debug|Any CPU.Build.0 = Debug|Any CPU
		{1A2A0823-E4F9-41EA-A35E-CCA5E5143463}.Release|Any CPU.ActiveCfg = Release|Any CPU
		{1A2A0823-E4F9-41EA-A35E-CCA5E5143463}.Release|Any CPU.Build.0 = Release|Any CPU
		{A10A7E7D-A2C4-4E6F-8F2F-CF7989239E6E}.Debug|Any CPU.ActiveCfg = Debug|Any CPU
		{A10A7E7D-A2C4-4E6F-8F2F-CF7989239E6E}.Debug|Any CPU.Build.0 = Debug|Any CPU
		{A10A7E7D-A2C4-4E6F-8F2F-CF7989239E6E}.Release|Any CPU.ActiveCfg = Release|Any CPU
		{A10A7E7D-A2C4-4E6F-8F2F-CF7989239E6E}.Release|Any CPU.Build.0 = Release|Any CPU
		{5E911B5C-7216-4CDE-9AB6-1E23FEB36669}.Debug|Any CPU.ActiveCfg = Debug|Any CPU
		{5E911B5C-7216-4CDE-9AB6-1E23FEB36669}.Debug|Any CPU.Build.0 = Debug|Any CPU
		{5E911B5C-7216-4CDE-9AB6-1E23FEB36669}.Release|Any CPU.ActiveCfg = Release|Any CPU
		{5E911B5C-7216-4CDE-9AB6-1E23FEB36669}.Release|Any CPU.Build.0 = Release|Any CPU
	EndGlobalSection
	GlobalSection(SolutionProperties) = preSolution
		HideSolutionNode = FALSE
	EndGlobalSection
	GlobalSection(NestedProjects) = preSolution
		{A10A7E7D-A2C4-4E6F-8F2F-CF7989239E6E} = {9E054767-A7C0-47F5-81C6-D48637F5C20D}
	EndGlobalSection
	GlobalSection(ExtensibilityGlobals) = postSolution
		SolutionGuid = {0674E281-C5DD-4EB9-B87F-1CB2D59EA941}
	EndGlobalSection
EndGlobal
